
Microsoft Visual Studio Solution File, Format Version 12.00
# Visual Studio 15
VisualStudioVersion = 15.0.28307.1622
MinimumVisualStudioVersion = 10.0.40219.1
Project("{E24C65DC-7377-472B-9ABA-BC803B73C61A}") = "KVTPWEB", "KVTPWEB\", "{A6003E1D-3796-4B50-BF01-BEBD56C8CF1F}"
	ProjectSection(WebsiteProperties) = preProject
		TargetFrameworkMoniker = ".NETFramework,Version%3Dv4.6.1"
		Debug.AspNetCompiler.VirtualPath = "/localhost_49654"
		Debug.AspNetCompiler.PhysicalPath = "KVTPWEB\"
		Debug.AspNetCompiler.TargetPath = "PrecompiledWeb\localhost_49654\"
		Debug.AspNetCompiler.Updateable = "true"
		Debug.AspNetCompiler.ForceOverwrite = "true"
		Debug.AspNetCompiler.FixedNames = "false"
		Debug.AspNetCompiler.Debug = "True"
		Release.AspNetCompiler.VirtualPath = "/localhost_49654"
		Release.AspNetCompiler.PhysicalPath = "KVTPWEB\"
		Release.AspNetCompiler.TargetPath = "PrecompiledWeb\localhost_49654\"
		Release.AspNetCompiler.Updateable = "true"
		Release.AspNetCompiler.ForceOverwrite = "true"
		Release.AspNetCompiler.FixedNames = "false"
		Release.AspNetCompiler.Debug = "False"
		VWDPort = "49654"
		SlnRelativePath = "KVTPWEB\"
		DefaultWebSiteLanguage = "Visual C#"
	EndProjectSection
EndProject
Global
	GlobalSection(SolutionConfigurationPlatforms) = preSolution
		Debug|Any CPU = Debug|Any CPU
	EndGlobalSection
	GlobalSection(ProjectConfigurationPlatforms) = postSolution
		{A6003E1D-3796-4B50-BF01-BEBD56C8CF1F}.Debug|Any CPU.ActiveCfg = Debug|Any CPU
		{A6003E1D-3796-4B50-BF01-BEBD56C8CF1F}.Debug|Any CPU.Build.0 = Debug|Any CPU
	EndGlobalSection
	GlobalSection(SolutionProperties) = preSolution
		HideSolutionNode = FALSE
	EndGlobalSection
	GlobalSection(ExtensibilityGlobals) = postSolution
		SolutionGuid = {D247F66C-E9E2-4F67-BBFC-FB4A8D94DC8D}
	EndGlobalSection
EndGlobal
